<?xml version="1.0" encoding="utf-8"?>
<Project ToolsVersion="4.0" xmlns="http://schemas.microsoft.com/developer/msbuild/2003">
  <ItemGroup>
    <Filter Include="Source Files">
      <UniqueIdentifier>{4FC737F1-C7A5-4376-A066-2A32D752A2FF}</UniqueIdentifier>
      <Extensions>cpp;c;cc;cxx;def;odl;idl;hpj;bat;asm;asmx</Extensions>
    </Filter>
    <Filter Include="Header Files">
      <UniqueIdentifier>{93995380-89BD-4b04-88EB-625FBE52EBFB}</UniqueIdentifier>
      <Extensions>h;hpp;hxx;hm;inl;inc;xsd</Extensions>
    </Filter>
    <Filter Include="Resource Files">
      <UniqueIdentifier>{67DA6AB6-F800-4c08-8B7A-83BB121AAD01}</UniqueIdentifier>
      <Extensions>rc;ico;cur;bmp;dlg;rc2;rct;bin;rgs;gif;jpg;jpeg;jpe;resx;tiff;tif;png;wav;mfcribbon-ms</Extensions>
    </Filter>
    <Filter Include="Utils">
      <UniqueIdentifier>{a1eca333-762a-4066-9a3b-1ecb35148453}</UniqueIdentifier>
    </Filter>
    <Filter Include="Utils\gSoap">
      <UniqueIdentifier>{4c889523-66a7-4b8b-8bfa-62fb25cc0b4b}</UniqueIdentifier>
    </Filter>
  </ItemGroup>
  <ItemGroup>
    <ClInclude Include="Logger.h">
      <Filter>Header Files</Filter>
    </ClInclude>
    <ClInclude Include="PipeMessage.h">
      <Filter>Header Files</Filter>
    </ClInclude>
    <ClInclude Include="PipeServer.h">
      <Filter>Header Files</Filter>
    </ClInclude>
    <ClInclude Include="PipeStatusServer.h">
      <Filter>Header Files</Filter>
    </ClInclude>
    <ClInclude Include="StatusLog.h">
      <Filter>Header Files</Filter>
    </ClInclude>
    <ClInclude Include="..\Utils\gSoap\soapH.h">
      <Filter>Utils\gSoap</Filter>
    </ClInclude>
    <ClInclude Include="..\Utils\gSoap\soapProxy.h">
      <Filter>Utils\gSoap</Filter>
    </ClInclude>
    <ClInclude Include="..\Utils\gSoap\soapStub.h">
      <Filter>Utils\gSoap</Filter>
    </ClInclude>
    <ClInclude Include="..\Utils\gSoap\stdsoap2.h">
      <Filter>Utils\gSoap</Filter>
    </ClInclude>
  </ItemGroup>
  <ItemGroup>
    <ClCompile Include="Logger.cpp">
      <Filter>Source Files</Filter>
    </ClCompile>
    <ClCompile Include="PipeMessage.cpp">
      <Filter>Source Files</Filter>
    </ClCompile>
    <ClCompile Include="PipeServer.cpp">
      <Filter>Source Files</Filter>
    </ClCompile>
    <ClCompile Include="PipeStatusServer.cpp">
      <Filter>Source Files</Filter>
    </ClCompile>
    <ClCompile Include="StatusLog.cpp">
      <Filter>Source Files</Filter>
    </ClCompile>
    <ClCompile Include="..\Utils\gSoap\soapC.cpp">
      <Filter>Utils\gSoap</Filter>
    </ClCompile>
    <ClCompile Include="..\Utils\gSoap\soapProxy.cpp">
      <Filter>Utils\gSoap</Filter>
    </ClCompile>
    <ClCompile Include="..\Utils\gSoap\stdsoap2.cpp">
      <Filter>Utils\gSoap</Filter>
    </ClCompile>
  </ItemGroup>
  <ItemGroup>
    <None Include="..\Utils\gSoap\markisa.nsmap">
      <Filter>Utils\gSoap</Filter>
    </None>
  </ItemGroup>
</Project>